
Microsoft Visual Studio Solution File, Format Version 12.00
# Visual Studio Version 16
VisualStudioVersion = 16.0.30517.126
MinimumVisualStudioVersion = 10.0.40219.1
Project("{FAE04EC0-301F-11D3-BF4B-00C04F79EFBC}") = "parakeet", "parakeet\parakeet.csproj", "{37DADA98-9753-4541-A2F7-EB314C6D9755}"
EndProject
Global
	GlobalSection(SolutionConfigurationPlatforms) = preSolution
		Debug|Any CPU = Debug|Any CPU
		Release|Any CPU = Release|Any CPU
	EndGlobalSection
	GlobalSection(ProjectConfigurationPlatforms) = postSolution
		{37DADA98-9753-4541-A2F7-EB314C6D9755}.Debug|Any CPU.ActiveCfg = Debug|Any CPU
		{37DADA98-9753-4541-A2F7-EB314C6D9755}.Debug|Any CPU.Build.0 = Debug|Any CPU
		{37DADA98-9753-4541-A2F7-EB314C6D9755}.Release|Any CPU.ActiveCfg = Release|Any CPU
		{37DADA98-9753-4541-A2F7-EB314C6D9755}.Release|Any CPU.Build.0 = Release|Any CPU
	EndGlobalSection
	GlobalSection(SolutionProperties) = preSolution
		HideSolutionNode = FALSE
	EndGlobalSection
	GlobalSection(ExtensibilityGlobals) = postSolution
		SolutionGuid = {E8FA4C62-2282-4EAB-83C1-EE71E5980ABC}
	EndGlobalSection
EndGlobal
